
Microsoft Visual Studio Solution File, Format Version 12.00
# Visual Studio Version 16
VisualStudioVersion = 16.0.29920.165
MinimumVisualStudioVersion = 10.0.40219.1
Project("{FAE04EC0-301F-11D3-BF4B-00C04F79EFBC}") = "ChessLib", "ChessLib\ChessLib.csproj", "{50F9CEA9-3250-49FF-AC67-91D82A221698}"
EndProject
Project("{FAE04EC0-301F-11D3-BF4B-00C04F79EFBC}") = "ChessTest", "ChessTest\ChessTest.csproj", "{C8769483-E667-48EC-A4CA-F554A6268712}"
EndProject
Global
	GlobalSection(SolutionConfigurationPlatforms) = preSolution
		Debug|Any CPU = Debug|Any CPU
		Release|Any CPU = Release|Any CPU
	EndGlobalSection
	GlobalSection(ProjectConfigurationPlatforms) = postSolution
		{50F9CEA9-3250-49FF-AC67-91D82A221698}.Debug|Any CPU.ActiveCfg = Debug|Any CPU
		{50F9CEA9-3250-49FF-AC67-91D82A221698}.Debug|Any CPU.Build.0 = Debug|Any CPU
		{50F9CEA9-3250-49FF-AC67-91D82A221698}.Release|Any CPU.ActiveCfg = Release|Any CPU
		{50F9CEA9-3250-49FF-AC67-91D82A221698}.Release|Any CPU.Build.0 = Release|Any CPU
		{C8769483-E667-48EC-A4CA-F554A6268712}.Debug|Any CPU.ActiveCfg = Debug|Any CPU
		{C8769483-E667-48EC-A4CA-F554A6268712}.Debug|Any CPU.Build.0 = Debug|Any CPU
		{C8769483-E667-48EC-A4CA-F554A6268712}.Release|Any CPU.ActiveCfg = Release|Any CPU
		{C8769483-E667-48EC-A4CA-F554A6268712}.Release|Any CPU.Build.0 = Release|Any CPU
	EndGlobalSection
	GlobalSection(SolutionProperties) = preSolution
		HideSolutionNode = FALSE
	EndGlobalSection
	GlobalSection(ExtensibilityGlobals) = postSolution
		SolutionGuid = {EBDA4178-D10F-4284-B88E-B0165CAC7A5A}
	EndGlobalSection
EndGlobal
